
Microsoft Visual Studio Solution File, Format Version 12.00
# Visual Studio Version 17
VisualStudioVersion = 17.3.32825.248
MinimumVisualStudioVersion = 10.0.40219.1
Project("{FAE04EC0-301F-11D3-BF4B-00C04F79EFBC}") = "Employees", "Employees\Employees.csproj", "{F7719437-5B47-41F2-AF29-B751FCF2200F}"
EndProject
Project("{FAE04EC0-301F-11D3-BF4B-00C04F79EFBC}") = "ExecuteEmployees", "ExecuteLibrary\ExecuteEmployees.csproj", "{C75F29E3-92FA-4370-95CF-E103D269DF72}"
EndProject
Project("{FAE04EC0-301F-11D3-BF4B-00C04F79EFBC}") = "TestEmployees", "TestEmployees\TestEmployees.csproj", "{BD42FA35-E71F-407B-8D48-8F11B9D676EF}"
EndProject
Global
	GlobalSection(SolutionConfigurationPlatforms) = preSolution
		Debug|Any CPU = Debug|Any CPU
		Release|Any CPU = Release|Any CPU
	EndGlobalSection
	GlobalSection(ProjectConfigurationPlatforms) = postSolution
		{F7719437-5B47-41F2-AF29-B751FCF2200F}.Debug|Any CPU.ActiveCfg = Debug|Any CPU
		{F7719437-5B47-41F2-AF29-B751FCF2200F}.Debug|Any CPU.Build.0 = Debug|Any CPU
		{F7719437-5B47-41F2-AF29-B751FCF2200F}.Release|Any CPU.ActiveCfg = Release|Any CPU
		{F7719437-5B47-41F2-AF29-B751FCF2200F}.Release|Any CPU.Build.0 = Release|Any CPU
		{C75F29E3-92FA-4370-95CF-E103D269DF72}.Debug|Any CPU.ActiveCfg = Debug|Any CPU
		{C75F29E3-92FA-4370-95CF-E103D269DF72}.Debug|Any CPU.Build.0 = Debug|Any CPU
		{C75F29E3-92FA-4370-95CF-E103D269DF72}.Release|Any CPU.ActiveCfg = Release|Any CPU
		{C75F29E3-92FA-4370-95CF-E103D269DF72}.Release|Any CPU.Build.0 = Release|Any CPU
		{BD42FA35-E71F-407B-8D48-8F11B9D676EF}.Debug|Any CPU.ActiveCfg = Debug|Any CPU
		{BD42FA35-E71F-407B-8D48-8F11B9D676EF}.Debug|Any CPU.Build.0 = Debug|Any CPU
		{BD42FA35-E71F-407B-8D48-8F11B9D676EF}.Release|Any CPU.ActiveCfg = Release|Any CPU
		{BD42FA35-E71F-407B-8D48-8F11B9D676EF}.Release|Any CPU.Build.0 = Release|Any CPU
	EndGlobalSection
	GlobalSection(SolutionProperties) = preSolution
		HideSolutionNode = FALSE
	EndGlobalSection
	GlobalSection(ExtensibilityGlobals) = postSolution
		SolutionGuid = {48ABA4FF-6558-498F-B031-D990A5B92FA9}
	EndGlobalSection
EndGlobal
